
Microsoft Visual Studio Solution File, Format Version 12.00
# Visual Studio 14
VisualStudioVersion = 14.0.24720.0
MinimumVisualStudioVersion = 10.0.40219.1
Project("{CC5FD16D-436D-48AD-A40C-5A424C6E3E79}") = "AzureCloudLab6wcf", "AzureCloudLab6wcf\AzureCloudLab6wcf.ccproj", "{D9E2FA89-573E-4169-9905-307AEE683A40}"
EndProject
Project("{FAE04EC0-301F-11D3-BF4B-00C04F79EFBC}") = "WCFServiceWebRole1", "WCFServiceWebRole1\WCFServiceWebRole1.csproj", "{F7E5A143-F183-4FE0-8890-227E21749948}"
EndProject
Global
	GlobalSection(SolutionConfigurationPlatforms) = preSolution
		Debug|Any CPU = Debug|Any CPU
		Release|Any CPU = Release|Any CPU
	EndGlobalSection
	GlobalSection(ProjectConfigurationPlatforms) = postSolution
		{D9E2FA89-573E-4169-9905-307AEE683A40}.Debug|Any CPU.ActiveCfg = Debug|Any CPU
		{D9E2FA89-573E-4169-9905-307AEE683A40}.Debug|Any CPU.Build.0 = Debug|Any CPU
		{D9E2FA89-573E-4169-9905-307AEE683A40}.Release|Any CPU.ActiveCfg = Release|Any CPU
		{D9E2FA89-573E-4169-9905-307AEE683A40}.Release|Any CPU.Build.0 = Release|Any CPU
		{F7E5A143-F183-4FE0-8890-227E21749948}.Debug|Any CPU.ActiveCfg = Debug|Any CPU
		{F7E5A143-F183-4FE0-8890-227E21749948}.Debug|Any CPU.Build.0 = Debug|Any CPU
		{F7E5A143-F183-4FE0-8890-227E21749948}.Release|Any CPU.ActiveCfg = Release|Any CPU
		{F7E5A143-F183-4FE0-8890-227E21749948}.Release|Any CPU.Build.0 = Release|Any CPU
	EndGlobalSection
	GlobalSection(SolutionProperties) = preSolution
		HideSolutionNode = FALSE
	EndGlobalSection
EndGlobal
